
Microsoft Visual Studio Solution File, Format Version 12.00
# Visual Studio Version 16
VisualStudioVersion = 16.0.29905.134
MinimumVisualStudioVersion = 10.0.40219.1
Project("{9A19103F-16F7-4668-BE54-9A1E7A4F7556}") = "ProjectsFileReaderApp", "ProjectsFileReaderApp.csproj", "{2DC06CC2-B981-4818-83D4-D82C61F37746}"
EndProject
Project("{FAE04EC0-301F-11D3-BF4B-00C04F79EFBC}") = "ProjectsFileReaderTest", "ProjectsFileReaderTest\ProjectsFileReaderTest.csproj", "{D22FA323-57EB-4369-9486-ACB34CDC1DA2}"
EndProject
Global
	GlobalSection(SolutionConfigurationPlatforms) = preSolution
		Debug|Any CPU = Debug|Any CPU
		Release|Any CPU = Release|Any CPU
	EndGlobalSection
	GlobalSection(ProjectConfigurationPlatforms) = postSolution
		{2DC06CC2-B981-4818-83D4-D82C61F37746}.Debug|Any CPU.ActiveCfg = Debug|Any CPU
		{2DC06CC2-B981-4818-83D4-D82C61F37746}.Debug|Any CPU.Build.0 = Debug|Any CPU
		{2DC06CC2-B981-4818-83D4-D82C61F37746}.Release|Any CPU.ActiveCfg = Release|Any CPU
		{2DC06CC2-B981-4818-83D4-D82C61F37746}.Release|Any CPU.Build.0 = Release|Any CPU
		{D22FA323-57EB-4369-9486-ACB34CDC1DA2}.Debug|Any CPU.ActiveCfg = Debug|Any CPU
		{D22FA323-57EB-4369-9486-ACB34CDC1DA2}.Debug|Any CPU.Build.0 = Debug|Any CPU
		{D22FA323-57EB-4369-9486-ACB34CDC1DA2}.Release|Any CPU.ActiveCfg = Release|Any CPU
		{D22FA323-57EB-4369-9486-ACB34CDC1DA2}.Release|Any CPU.Build.0 = Release|Any CPU
	EndGlobalSection
	GlobalSection(SolutionProperties) = preSolution
		HideSolutionNode = FALSE
	EndGlobalSection
	GlobalSection(ExtensibilityGlobals) = postSolution
		SolutionGuid = {18C9FC1C-3D49-42F9-B19C-226218A1630D}
	EndGlobalSection
EndGlobal
